
Microsoft Visual Studio Solution File, Format Version 12.00
# Visual Studio Version 16
VisualStudioVersion = 16.0.37027.11
MinimumVisualStudioVersion = 10.0.40219.1
Project("{FAE04EC0-301F-11D3-BF4B-00C04F79EFBC}") = "FasterBallisticsIndexing", "FasterBallisticsIndexing.csproj", "{43E5C785-7CBE-4D2B-B6C4-1438EE086EC0}"
EndProject
Global
	GlobalSection(SolutionConfigurationPlatforms) = preSolution
		Debug|Any CPU = Debug|Any CPU
		Release|Any CPU = Release|Any CPU
	EndGlobalSection
	GlobalSection(ProjectConfigurationPlatforms) = postSolution
		{43E5C785-7CBE-4D2B-B6C4-1438EE086EC0}.Debug|Any CPU.ActiveCfg = Debug|Any CPU
		{43E5C785-7CBE-4D2B-B6C4-1438EE086EC0}.Debug|Any CPU.Build.0 = Debug|Any CPU
		{43E5C785-7CBE-4D2B-B6C4-1438EE086EC0}.Release|Any CPU.ActiveCfg = Release|Any CPU
		{43E5C785-7CBE-4D2B-B6C4-1438EE086EC0}.Release|Any CPU.Build.0 = Release|Any CPU
	EndGlobalSection
	GlobalSection(SolutionProperties) = preSolution
		HideSolutionNode = FALSE
	EndGlobalSection
	GlobalSection(ExtensibilityGlobals) = postSolution
		SolutionGuid = {8DECC0B1-270F-4BF5-BC29-FC781EFD8079}
	EndGlobalSection
EndGlobal
